
Microsoft Visual Studio Solution File, Format Version 12.00
# Visual Studio Version 16
VisualStudioVersion = 16.0.31729.503
MinimumVisualStudioVersion = 10.0.40219.1
Project("{9A19103F-16F7-4668-BE54-9A1E7A4F7556}") = "eProdaja", "eProdaja\eProdaja.csproj", "{7D896D91-A8DF-4308-BFB6-14B28236074F}"
EndProject
Project("{FAE04EC0-301F-11D3-BF4B-00C04F79EFBC}") = "eProdaja.Model", "eProdaja.Model\eProdaja.Model.csproj", "{4216FFC3-210F-403E-88A2-3ED6051B4797}"
EndProject
Global
	GlobalSection(SolutionConfigurationPlatforms) = preSolution
		Debug|Any CPU = Debug|Any CPU
		Release|Any CPU = Release|Any CPU
	EndGlobalSection
	GlobalSection(ProjectConfigurationPlatforms) = postSolution
		{7D896D91-A8DF-4308-BFB6-14B28236074F}.Debug|Any CPU.ActiveCfg = Debug|Any CPU
		{7D896D91-A8DF-4308-BFB6-14B28236074F}.Debug|Any CPU.Build.0 = Debug|Any CPU
		{7D896D91-A8DF-4308-BFB6-14B28236074F}.Release|Any CPU.ActiveCfg = Release|Any CPU
		{7D896D91-A8DF-4308-BFB6-14B28236074F}.Release|Any CPU.Build.0 = Release|Any CPU
		{4216FFC3-210F-403E-88A2-3ED6051B4797}.Debug|Any CPU.ActiveCfg = Debug|Any CPU
		{4216FFC3-210F-403E-88A2-3ED6051B4797}.Debug|Any CPU.Build.0 = Debug|Any CPU
		{4216FFC3-210F-403E-88A2-3ED6051B4797}.Release|Any CPU.ActiveCfg = Release|Any CPU
		{4216FFC3-210F-403E-88A2-3ED6051B4797}.Release|Any CPU.Build.0 = Release|Any CPU
	EndGlobalSection
	GlobalSection(SolutionProperties) = preSolution
		HideSolutionNode = FALSE
	EndGlobalSection
	GlobalSection(ExtensibilityGlobals) = postSolution
		SolutionGuid = {0B31B5AE-F4DB-4288-A7CD-9230BBC4CA2A}
	EndGlobalSection
EndGlobal
